//  This is a placeholder minimal pbxproj content to allow repo tracking.
//  NOTE: In a real Xcode project this file is generated by Xcode and contains build settings.
//  For this codegen task we provide Swift source + Info.plist that can be imported into an Xcode project.
//
//  If you open `ios_app/SecureSessionApp/` in Xcode, create a new SwiftUI App project and
//  replace generated sources with the ones in this folder.
//
//  Intentionally left minimal.
